
Microsoft Visual Studio Solution File, Format Version 12.00
# Visual Studio Version 17
VisualStudioVersion = 17.5.33414.496
MinimumVisualStudioVersion = 10.0.40219.1
Project("{9A19103F-16F7-4668-BE54-9A1E7A4F7556}") = "Reveice", "Reveice.csproj", "{309087E8-D08D-4BE1-897A-A7C0CD8A4231}"
EndProject
Global
	GlobalSection(SolutionConfigurationPlatforms) = preSolution
		Debug|Any CPU = Debug|Any CPU
		Release|Any CPU = Release|Any CPU
	EndGlobalSection
	GlobalSection(ProjectConfigurationPlatforms) = postSolution
		{309087E8-D08D-4BE1-897A-A7C0CD8A4231}.Debug|Any CPU.ActiveCfg = Debug|Any CPU
		{309087E8-D08D-4BE1-897A-A7C0CD8A4231}.Debug|Any CPU.Build.0 = Debug|Any CPU
		{309087E8-D08D-4BE1-897A-A7C0CD8A4231}.Release|Any CPU.ActiveCfg = Release|Any CPU
		{309087E8-D08D-4BE1-897A-A7C0CD8A4231}.Release|Any CPU.Build.0 = Release|Any CPU
	EndGlobalSection
	GlobalSection(SolutionProperties) = preSolution
		HideSolutionNode = FALSE
	EndGlobalSection
	GlobalSection(ExtensibilityGlobals) = postSolution
		SolutionGuid = {BBB977EF-62FF-4F14-9EC6-62235955C4C2}
	EndGlobalSection
EndGlobal
